Microsoft Visual Studio Solution File, Format Version 12.00
# Visual Studio Version 16
VisualStudioVersion = 16.0.461.0
MinimumVisualStudioVersion = 10.0.40219.1
Project("{FAE04EC0-301F-11D3-BF4B-00C04F79EFBC}") = "TrayTranslator", "TrayTranslator.csproj", "{7B77C0DB-99D9-42E9-BF22-DF4B1F26360B}"
EndProject
Global
	GlobalSection(SolutionConfigurationPlatforms) = preSolution
		Debug|Any CPU = Debug|Any CPU
		Release|Any CPU = Release|Any CPU
	EndGlobalSection
	GlobalSection(ProjectConfigurationPlatforms) = postSolution
		{7B77C0DB-99D9-42E9-BF22-DF4B1F26360B}.Debug|Any CPU.ActiveCfg = Debug|AnyCPU
		{7B77C0DB-99D9-42E9-BF22-DF4B1F26360B}.Debug|Any CPU.Build.0 = Debug|AnyCPU
		{7B77C0DB-99D9-42E9-BF22-DF4B1F26360B}.Release|Any CPU.ActiveCfg = Release|AnyCPU
		{7B77C0DB-99D9-42E9-BF22-DF4B1F26360B}.Release|Any CPU.Build.0 = Release|AnyCPU
	EndGlobalSection
	GlobalSection(SolutionProperties) = preSolution
		HideSolutionNode = FALSE
	EndGlobalSection
EndGlobal
